
Microsoft Visual Studio Solution File, Format Version 12.00
# Visual Studio Version 17
VisualStudioVersion = 17.4.33213.308
MinimumVisualStudioVersion = 10.0.40219.1
Project("{FAE04EC0-301F-11D3-BF4B-00C04F79EFBC}") = "ExchangeRates", "ExchangeRates\ExchangeRates.csproj", "{67CD8FA5-A34B-48E1-AE02-499D8F172BE0}"
EndProject
Global
	GlobalSection(SolutionConfigurationPlatforms) = preSolution
		Debug|Any CPU = Debug|Any CPU
		Release|Any CPU = Release|Any CPU
	EndGlobalSection
	GlobalSection(ProjectConfigurationPlatforms) = postSolution
		{67CD8FA5-A34B-48E1-AE02-499D8F172BE0}.Debug|Any CPU.ActiveCfg = Debug|Any CPU
		{67CD8FA5-A34B-48E1-AE02-499D8F172BE0}.Debug|Any CPU.Build.0 = Debug|Any CPU
		{67CD8FA5-A34B-48E1-AE02-499D8F172BE0}.Release|Any CPU.ActiveCfg = Release|Any CPU
		{67CD8FA5-A34B-48E1-AE02-499D8F172BE0}.Release|Any CPU.Build.0 = Release|Any CPU
	EndGlobalSection
	GlobalSection(SolutionProperties) = preSolution
		HideSolutionNode = FALSE
	EndGlobalSection
	GlobalSection(ExtensibilityGlobals) = postSolution
		SolutionGuid = {78183E76-33BF-4D23-907C-9478C9E253F4}
	EndGlobalSection
EndGlobal
